{
  "nodes": {
    "flake-parts": {
      "inputs": {
        "nixpkgs-lib": [
          "neovim-nightly-overlay",
          "nixpkgs"
        ]
      },
      "locked": {
        "lastModified": 1788450739,
        "narHash": "sha256-glZLQlzIn1fXH6PazR2iUmTo7kzzyYSshrWhLS9TqCU=",
        "owner": "hercules-ci",
        "repo": "flake-parts",
        "rev": "31729ca8cbdb4fa927b34e5f4353e6a83f39e993",
        "type": "github"
      },
      "original": {
        "owner": "hercules-ci",
        "repo": "flake-parts",
        "type": "github"
      }
    },
    "neovim-nightly-overlay": {
      "inputs": {
        "flake-parts": "flake-parts",
        "neovim-src": "neovim-src",
        "nixpkgs": "nixpkgs"
      },
      "locked": {
        "lastModified": 1788739358,
        "narHash": "sha256-LIth3ea7UZeGfyZ4YqbsMkYM0YgjHmlVZIWPzvN3lT8=",
        "owner": "nix-community",
        "repo": "neovim-nightly-overlay",
        "rev": "fcbd308de28547e7c7483907ada8cd5723b5a8a0",
        "type": "github"
      },
      "original": {
        "owner": "nix-community",
        "repo": "neovim-nightly-overlay",
        "type": "github"
      }
    },
    "neovim-src": {
      "flake": false,
      "locked": {
        "lastModified": 1788720648,
        "narHash": "sha256-kjlohKRzbpAiuwjcTsPeSV+Z4y0jeI7jowuOeD/j9j0=",
        "owner": "neovim",
        "repo": "neovim",
        "rev": "6cbde6a95f2da043ef8cb66b7e51daedd3bacffb",
        "type": "github"
      },
      "original": {
        "owner": "neovim",
        "repo": "neovim",
        "type": "github"
      }
    },
    "nixpkgs": {
      "locked": {
        "lastModified": 1788549839,
        "narHash": "sha256-kOrCcSIA6w9J1hX5DqHy2k9pDTJymExTsbV74U9UtCA=",
        "owner": "NixOS",
        "repo": "nixpkgs",
        "rev": "17de0b976395537756f30a3e78f2f06e5cec89ed",
        "type": "github"
      },
      "original": {
        "owner": "NixOS",
        "ref": "nixpkgs-unstable",
        "repo": "nixpkgs",
        "type": "github"
      }
    },
    "nixpkgs_2": {
      "locked": {
        "lastModified": 1788549839,
        "narHash": "sha256-kOrCcSIA6w9J1hX5DqHy2k9pDTJymExTsbV74U9UtCA=",
        "owner": "NixOS",
        "repo": "nixpkgs",
        "rev": "17de0b976395537756f30a3e78f2f06e5cec89ed",
        "type": "github"
      },
      "original": {
        "owner": "NixOS",
        "ref": "nixpkgs-unstable",
        "repo": "nixpkgs",
        "type": "github"
      }
    },
    "root": {
      "inputs": {
        "neovim-nightly-overlay": "neovim-nightly-overlay",
        "nixpkgs": "nixpkgs_2",
        "tmux.catppuccin": "tmux.catppuccin",
        "tmux.tpm": "tmux.tpm"
      }
    },
    "tmux.catppuccin": {
      "flake": false,
      "locked": {
        "lastModified": 1775690893,
        "narHash": "sha256-3CJRQCgS8NAN7vOLBjNGiHbGXTIrIyY/FLmfZrXcEYc=",
        "owner": "catppuccin",
        "repo": "tmux",
        "rev": "d2d25bd3393fe43f19eb4fff6cdd2bdf5578e622",
        "type": "github"
      },
      "original": {
        "owner": "catppuccin",
        "repo": "tmux",
        "type": "github"
      }
    },
    "tmux.tpm": {
      "flake": false,
      "locked": {
        "lastModified": 1779036064,
        "narHash": "sha256-oRKUZNyJYQXlkeQfbEYiltUEBpvdwn2SoEBWHVUNmrA=",
        "owner": "tmux-plugins",
        "repo": "tpm",
        "rev": "e261deb1b47614eed3400089ce7197dc68acc4eb",
        "type": "github"
      },
      "original": {
        "owner": "tmux-plugins",
        "repo": "tpm",
        "type": "github"
      }
    }
  },
  "root": "root",
  "version": 7
}
