{
  "nodes": {
    "flake-parts": {
      "inputs": {
        "nixpkgs-lib": [
          "neovim-nightly-overlay",
          "nixpkgs"
        ]
      },
      "locked": {
        "lastModified": 1785627969,
        "narHash": "sha256-4dtXQk/NMePegK/nWp5NSeuZKLATItOq61lpEvmXqGw=",
        "owner": "hercules-ci",
        "repo": "flake-parts",
        "rev": "427bf4bd9435fdf21321c8cc628c24efc14c0f7a",
        "type": "github"
      },
      "original": {
        "owner": "hercules-ci",
        "repo": "flake-parts",
        "type": "github"
      }
    },
    "neovim-nightly-overlay": {
      "inputs": {
        "flake-parts": "flake-parts",
        "neovim-src": "neovim-src",
        "nixpkgs": "nixpkgs"
      },
      "locked": {
        "lastModified": 1787184153,
        "narHash": "sha256-WWVHuZqOlTMV36qP2/yfvJPY/CvH3VoJWutyD2Ujpiw=",
        "owner": "nix-community",
        "repo": "neovim-nightly-overlay",
        "rev": "39bf506e7dda70212504ad3efa79ce8a3d8fb7cf",
        "type": "github"
      },
      "original": {
        "owner": "nix-community",
        "repo": "neovim-nightly-overlay",
        "type": "github"
      }
    },
    "neovim-src": {
      "flake": false,
      "locked": {
        "lastModified": 1787167345,
        "narHash": "sha256-DjKYWzCS0+pxAL5BTlbYL02XaGkHIC3PVAC1WLsBudM=",
        "owner": "neovim",
        "repo": "neovim",
        "rev": "b997265f64d57e5d237475393641ab58271b28e9",
        "type": "github"
      },
      "original": {
        "owner": "neovim",
        "repo": "neovim",
        "type": "github"
      }
    },
    "nixpkgs": {
      "locked": {
        "lastModified": 1787111413,
        "narHash": "sha256-sFosWtq21eHGJRnTc/hvf4M1obRgLEUMNm/IzllkHMA=",
        "owner": "NixOS",
        "repo": "nixpkgs",
        "rev": "afe3d8ac4395617bdcdac9f188ac8717a062e014",
        "type": "github"
      },
      "original": {
        "owner": "NixOS",
        "ref": "nixpkgs-unstable",
        "repo": "nixpkgs",
        "type": "github"
      }
    },
    "nixpkgs_2": {
      "locked": {
        "lastModified": 1787111413,
        "narHash": "sha256-sFosWtq21eHGJRnTc/hvf4M1obRgLEUMNm/IzllkHMA=",
        "owner": "NixOS",
        "repo": "nixpkgs",
        "rev": "afe3d8ac4395617bdcdac9f188ac8717a062e014",
        "type": "github"
      },
      "original": {
        "owner": "NixOS",
        "ref": "nixpkgs-unstable",
        "repo": "nixpkgs",
        "type": "github"
      }
    },
    "root": {
      "inputs": {
        "neovim-nightly-overlay": "neovim-nightly-overlay",
        "nixpkgs": "nixpkgs_2",
        "tmux.catppuccin": "tmux.catppuccin",
        "tmux.tpm": "tmux.tpm"
      }
    },
    "tmux.catppuccin": {
      "flake": false,
      "locked": {
        "lastModified": 1775690893,
        "narHash": "sha256-3CJRQCgS8NAN7vOLBjNGiHbGXTIrIyY/FLmfZrXcEYc=",
        "owner": "catppuccin",
        "repo": "tmux",
        "rev": "d2d25bd3393fe43f19eb4fff6cdd2bdf5578e622",
        "type": "github"
      },
      "original": {
        "owner": "catppuccin",
        "repo": "tmux",
        "type": "github"
      }
    },
    "tmux.tpm": {
      "flake": false,
      "locked": {
        "lastModified": 1779036064,
        "narHash": "sha256-oRKUZNyJYQXlkeQfbEYiltUEBpvdwn2SoEBWHVUNmrA=",
        "owner": "tmux-plugins",
        "repo": "tpm",
        "rev": "e261deb1b47614eed3400089ce7197dc68acc4eb",
        "type": "github"
      },
      "original": {
        "owner": "tmux-plugins",
        "repo": "tpm",
        "type": "github"
      }
    }
  },
  "root": "root",
  "version": 7
}
